
Microsoft Visual Studio Solution File, Format Version 12.00
# Visual Studio Version 17
VisualStudioVersion = 17.9.34728.123
MinimumVisualStudioVersion = 10.0.40219.1
Project("{FAE04EC0-301F-11D3-BF4B-00C04F79EFBC}") = "ChessBoardConsoleApp", "ChessBoardConsoleApp\ChessBoardConsoleApp.csproj", "{62F852AD-7540-4278-88AE-ECB846366B6A}"
EndProject
Project("{FAE04EC0-301F-11D3-BF4B-00C04F79EFBC}") = "ChessBoardModel", "ChessBoardModel\ChessBoardModel.csproj", "{EB8B049F-C507-440B-B44C-4B79266137B4}"
EndProject
Global
	GlobalSection(SolutionConfigurationPlatforms) = preSolution
		Debug|Any CPU = Debug|Any CPU
		Release|Any CPU = Release|Any CPU
	EndGlobalSection
	GlobalSection(ProjectConfigurationPlatforms) = postSolution
		{62F852AD-7540-4278-88AE-ECB846366B6A}.Debug|Any CPU.ActiveCfg = Debug|Any CPU
		{62F852AD-7540-4278-88AE-ECB846366B6A}.Debug|Any CPU.Build.0 = Debug|Any CPU
		{62F852AD-7540-4278-88AE-ECB846366B6A}.Release|Any CPU.ActiveCfg = Release|Any CPU
		{62F852AD-7540-4278-88AE-ECB846366B6A}.Release|Any CPU.Build.0 = Release|Any CPU
		{EB8B049F-C507-440B-B44C-4B79266137B4}.Debug|Any CPU.ActiveCfg = Debug|Any CPU
		{EB8B049F-C507-440B-B44C-4B79266137B4}.Debug|Any CPU.Build.0 = Debug|Any CPU
		{EB8B049F-C507-440B-B44C-4B79266137B4}.Release|Any CPU.ActiveCfg = Release|Any CPU
		{EB8B049F-C507-440B-B44C-4B79266137B4}.Release|Any CPU.Build.0 = Release|Any CPU
	EndGlobalSection
	GlobalSection(SolutionProperties) = preSolution
		HideSolutionNode = FALSE
	EndGlobalSection
	GlobalSection(ExtensibilityGlobals) = postSolution
		SolutionGuid = {D3D21E0D-9912-4959-8610-A7AC8DC29115}
	EndGlobalSection
EndGlobal
